// !$*UTF8*$!
{
	archiveVersion = 1;
	classes = {
	};
	objectVersion = 56;
	objects = {

/* Begin PBXBuildFile section */
		9E37587A28FB9DD200A5745A /* MainWindowController.swift in Sources */ = {isa = PBXBuildFile; fileRef = 9E37587828FB9DD200A5745A /* MainWindowController.swift */; };
		9E37587B28FB9DD200A5745A /* MainWindow.xib in Resources */ = {isa = PBXBuildFile; fileRef = 9E37587928FB9DD200A5745A /* MainWindow.xib */; };
		9E37588028FB9F5A00A5745A /* libhelloworld.dylib in Frameworks */ = {isa = PBXBuildFile; fileRef = 9E37587F28FB9F5A00A5745A /* libhelloworld.dylib */; };
		9E37588128FB9F5A00A5745A /* libhelloworld.dylib in Embed Libraries */ = {isa = PBXBuildFile; fileRef = 9E37587F28FB9F5A00A5745A /* libhelloworld.dylib */; settings = {ATTRIBUTES = (CodeSignOnCopy, ); }; };
		9EF1E48728FB9D0E0080F375 /* AppDelegate.swift in Sources */ = {isa = PBXBuildFile; fileRef = 9EF1E48628FB9D0E0080F375 /* AppDelegate.swift */; };
		9EF1E48928FB9D110080F375 /* Assets.xcassets in Resources */ = {isa = PBXBuildFile; fileRef = 9EF1E48828FB9D110080F375 /* Assets.xcassets */; };
		9EF1E48C28FB9D110080F375 /* Menu.xib in Resources */ = {isa = PBXBuildFile; fileRef = 9EF1E48A28FB9D110080F375 /* Menu.xib */; };
/* End PBXBuildFile section */

/* Begin PBXCopyFilesBuildPhase section */
		9E37588228FB9F5A00A5745A /* Embed Libraries */ = {
			isa = PBXCopyFilesBuildPhase;
			buildActionMask = 2147483647;
			dstPath = "";
			dstSubfolderSpec = 10;
			files = (
				9E37588128FB9F5A00A5745A /* libhelloworld.dylib in Embed Libraries */,
			);
			name = "Embed Libraries";
			runOnlyForDeploymentPostprocessing = 0;
		};
/* End PBXCopyFilesBuildPhase section */

/* Begin PBXFileReference section */
		9E37587828FB9DD200A5745A /* MainWindowController.swift */ = {isa = PBXFileReference; lastKnownFileType = sourcecode.swift; path = MainWindowController.swift; sourceTree = "<group>"; };
		9E37587928FB9DD200A5745A /* MainWindow.xib */ = {isa = PBXFileReference; lastKnownFileType = file.xib; path = MainWindow.xib; sourceTree = "<group>"; };
		9E37587F28FB9F5A00A5745A /* libhelloworld.dylib */ = {isa = PBXFileReference; lastKnownFileType = "compiled.mach-o.dylib"; name = libhelloworld.dylib; path = ../create_library/build/libhelloworld.dylib; sourceTree = "<group>"; };
		9E37588328FB9FE300A5745A /* bridge.h */ = {isa = PBXFileReference; lastKnownFileType = sourcecode.c.h; path = bridge.h; sourceTree = "<group>"; };
		9EF1E48328FB9D0E0080F375 /* dylib invocation example.app */ = {isa = PBXFileReference; explicitFileType = wrapper.application; includeInIndex = 0; path = "dylib invocation example.app"; sourceTree = BUILT_PRODUCTS_DIR; };
		9EF1E48628FB9D0E0080F375 /* AppDelegate.swift */ = {isa = PBXFileReference; lastKnownFileType = sourcecode.swift; path = AppDelegate.swift; sourceTree = "<group>"; };
		9EF1E48828FB9D110080F375 /* Assets.xcassets */ = {isa = PBXFileReference; lastKnownFileType = folder.assetcatalog; path = Assets.xcassets; sourceTree = "<group>"; };
		9EF1E48B28FB9D110080F375 /* Base */ = {isa = PBXFileReference; lastKnownFileType = file.xib; name = Base; path = Base.lproj/Menu.xib; sourceTree = "<group>"; };
		9EF1E48D28FB9D110080F375 /* dylib_invoke.entitlements */ = {isa = PBXFileReference; lastKnownFileType = text.plist.entitlements; path = dylib_invoke.entitlements; sourceTree = "<group>"; };
/* End PBXFileReference section */

/* Begin PBXFrameworksBuildPhase section */
		9EF1E48028FB9D0E0080F375 /* Frameworks */ = {
			isa = PBXFrameworksBuildPhase;
			buildActionMask = 2147483647;
			files = (
				9E37588028FB9F5A00A5745A /* libhelloworld.dylib in Frameworks */,
			);
			runOnlyForDeploymentPostprocessing = 0;
		};
/* End PBXFrameworksBuildPhase section */

/* Begin PBXGroup section */
		9E37587C28FB9DD700A5745A /* Controllers */ = {
			isa = PBXGroup;
			children = (
				9E37587828FB9DD200A5745A /* MainWindowController.swift */,
			);
			path = Controllers;
			sourceTree = "<group>";
		};
		9E37587D28FB9DF200A5745A /* Resources */ = {
			isa = PBXGroup;
			children = (
				9EF1E48828FB9D110080F375 /* Assets.xcassets */,
				9EF1E48D28FB9D110080F375 /* dylib_invoke.entitlements */,
			);
			path = Resources;
			sourceTree = "<group>";
		};
		9E37587E28FB9F5900A5745A /* Frameworks */ = {
			isa = PBXGroup;
			children = (
				9E37587F28FB9F5A00A5745A /* libhelloworld.dylib */,
			);
			name = Frameworks;
			sourceTree = "<group>";
		};
		9EF1E47A28FB9D0E0080F375 = {
			isa = PBXGroup;
			children = (
				9E37588328FB9FE300A5745A /* bridge.h */,
				9EF1E48528FB9D0E0080F375 /* dylib_invoke */,
				9EF1E48428FB9D0E0080F375 /* Products */,
				9E37587E28FB9F5900A5745A /* Frameworks */,
			);
			sourceTree = "<group>";
		};
		9EF1E48428FB9D0E0080F375 /* Products */ = {
			isa = PBXGroup;
			children = (
				9EF1E48328FB9D0E0080F375 /* dylib invocation example.app */,
			);
			name = Products;
			sourceTree = "<group>";
		};
		9EF1E48528FB9D0E0080F375 /* dylib_invoke */ = {
			isa = PBXGroup;
			children = (
				9EF1E48628FB9D0E0080F375 /* AppDelegate.swift */,
				9EF1E49728FB9D830080F375 /* Views */,
				9E37587C28FB9DD700A5745A /* Controllers */,
				9E37587D28FB9DF200A5745A /* Resources */,
			);
			path = dylib_invoke;
			sourceTree = "<group>";
		};
		9EF1E49728FB9D830080F375 /* Views */ = {
			isa = PBXGroup;
			children = (
				9EF1E48A28FB9D110080F375 /* Menu.xib */,
				9E37587928FB9DD200A5745A /* MainWindow.xib */,
			);
			path = Views;
			sourceTree = "<group>";
		};
/* End PBXGroup section */

/* Begin PBXNativeTarget section */
		9EF1E48228FB9D0E0080F375 /* dylib_invoke */ = {
			isa = PBXNativeTarget;
			buildConfigurationList = 9EF1E49028FB9D110080F375 /* Build configuration list for PBXNativeTarget "dylib_invoke" */;
			buildPhases = (
				9E37588428FBAD6700A5745A /* Create libhelloworld.dylib */,
				9EF1E47F28FB9D0E0080F375 /* Sources */,
				9EF1E48028FB9D0E0080F375 /* Frameworks */,
				9EF1E48128FB9D0E0080F375 /* Resources */,
				9E37588228FB9F5A00A5745A /* Embed Libraries */,
			);
			buildRules = (
			);
			dependencies = (
			);
			name = dylib_invoke;
			productName = dylib_invoke;
			productReference = 9EF1E48328FB9D0E0080F375 /* dylib invocation example.app */;
			productType = "com.apple.product-type.application";
		};
/* End PBXNativeTarget section */

/* Begin PBXProject section */
		9EF1E47B28FB9D0E0080F375 /* Project object */ = {
			isa = PBXProject;
			attributes = {
				BuildIndependentTargetsInParallel = 1;
				LastSwiftUpdateCheck = 1400;
				LastUpgradeCheck = 1400;
				TargetAttributes = {
					9EF1E48228FB9D0E0080F375 = {
						CreatedOnToolsVersion = 14.0.1;
					};
				};
			};
			buildConfigurationList = 9EF1E47E28FB9D0E0080F375 /* Build configuration list for PBXProject "dylib_invoke" */;
			compatibilityVersion = "Xcode 14.0";
			developmentRegion = en;
			hasScannedForEncodings = 0;
			knownRegions = (
				en,
				Base,
			);
			mainGroup = 9EF1E47A28FB9D0E0080F375;
			productRefGroup = 9EF1E48428FB9D0E0080F375 /* Products */;
			projectDirPath = "";
			projectRoot = "";
			targets = (
				9EF1E48228FB9D0E0080F375 /* dylib_invoke */,
			);
		};
/* End PBXProject section */

/* Begin PBXResourcesBuildPhase section */
		9EF1E48128FB9D0E0080F375 /* Resources */ = {
			isa = PBXResourcesBuildPhase;
			buildActionMask = 2147483647;
			files = (
				9EF1E48928FB9D110080F375 /* Assets.xcassets in Resources */,
				9E37587B28FB9DD200A5745A /* MainWindow.xib in Resources */,
				9EF1E48C28FB9D110080F375 /* Menu.xib in Resources */,
			);
			runOnlyForDeploymentPostprocessing = 0;
		};
/* End PBXResourcesBuildPhase section */

/* Begin PBXShellScriptBuildPhase section */
		9E37588428FBAD6700A5745A /* Create libhelloworld.dylib */ = {
			isa = PBXShellScriptBuildPhase;
			alwaysOutOfDate = 1;
			buildActionMask = 2147483647;
			files = (
			);
			inputFileListPaths = (
			);
			inputPaths = (
			);
			name = "Create libhelloworld.dylib";
			outputFileListPaths = (
			);
			outputPaths = (
			);
			runOnlyForDeploymentPostprocessing = 0;
			shellPath = /bin/bash;
			shellScript = "cd ${PROJECT_DIR}/../create_library\nmake\n";
		};
/* End PBXShellScriptBuildPhase section */

/* Begin PBXSourcesBuildPhase section */
		9EF1E47F28FB9D0E0080F375 /* Sources */ = {
			isa = PBXSourcesBuildPhase;
			buildActionMask = 2147483647;
			files = (
				9E37587A28FB9DD200A5745A /* MainWindowController.swift in Sources */,
				9EF1E48728FB9D0E0080F375 /* AppDelegate.swift in Sources */,
			);
			runOnlyForDeploymentPostprocessing = 0;
		};
/* End PBXSourcesBuildPhase section */

/* Begin PBXVariantGroup section */
		9EF1E48A28FB9D110080F375 /* Menu.xib */ = {
			isa = PBXVariantGroup;
			children = (
				9EF1E48B28FB9D110080F375 /* Base */,
			);
			name = Menu.xib;
			sourceTree = "<group>";
		};
/* End PBXVariantGroup section */

/* Begin XCBuildConfiguration section */
		9EF1E48E28FB9D110080F375 /* Debug */ = {
			isa = XCBuildConfiguration;
			buildSettings = {
				ALWAYS_SEARCH_USER_PATHS = NO;
				CLANG_ANALYZER_NONNULL = YES;
				CLANG_ANALYZER_NUMBER_OBJECT_CONVERSION = YES_AGGRESSIVE;
				CLANG_CXX_LANGUAGE_STANDARD = "gnu++20";
				CLANG_ENABLE_MODULES = YES;
				CLANG_ENABLE_OBJC_ARC = YES;
				CLANG_ENABLE_OBJC_WEAK = YES;
				CLANG_WARN_BLOCK_CAPTURE_AUTORELEASING = YES;
				CLANG_WARN_BOOL_CONVERSION = YES;
				CLANG_WARN_COMMA = YES;
				CLANG_WARN_CONSTANT_CONVERSION = YES;
				CLANG_WARN_DEPRECATED_OBJC_IMPLEMENTATIONS = YES;
				CLANG_WARN_DIRECT_OBJC_ISA_USAGE = YES_ERROR;
				CLANG_WARN_DOCUMENTATION_COMMENTS = YES;
				CLANG_WARN_EMPTY_BODY = YES;
				CLANG_WARN_ENUM_CONVERSION = YES;
				CLANG_WARN_INFINITE_RECURSION = YES;
				CLANG_WARN_INT_CONVERSION = YES;
				CLANG_WARN_NON_LITERAL_NULL_CONVERSION = YES;
				CLANG_WARN_OBJC_IMPLICIT_RETAIN_SELF = YES;
				CLANG_WARN_OBJC_LITERAL_CONVERSION = YES;
				CLANG_WARN_OBJC_ROOT_CLASS = YES_ERROR;
				CLANG_WARN_QUOTED_INCLUDE_IN_FRAMEWORK_HEADER = YES;
				CLANG_WARN_RANGE_LOOP_ANALYSIS = YES;
				CLANG_WARN_STRICT_PROTOTYPES = YES;
				CLANG_WARN_SUSPICIOUS_MOVE = YES;
				CLANG_WARN_UNGUARDED_AVAILABILITY = YES_AGGRESSIVE;
				CLANG_WARN_UNREACHABLE_CODE = YES;
				CLANG_WARN__DUPLICATE_METHOD_MATCH = YES;
				COPY_PHASE_STRIP = NO;
				DEBUG_INFORMATION_FORMAT = dwarf;
				ENABLE_STRICT_OBJC_MSGSEND = YES;
				ENABLE_TESTABILITY = YES;
				GCC_C_LANGUAGE_STANDARD = gnu11;
				GCC_DYNAMIC_NO_PIC = NO;
				GCC_NO_COMMON_BLOCKS = YES;
				GCC_OPTIMIZATION_LEVEL = 0;
				GCC_PREPROCESSOR_DEFINITIONS = (
					"DEBUG=1",
					"$(inherited)",
				);
				GCC_WARN_64_TO_32_BIT_CONVERSION = YES;
				GCC_WARN_ABOUT_RETURN_TYPE = YES_ERROR;
				GCC_WARN_UNDECLARED_SELECTOR = YES;
				GCC_WARN_UNINITIALIZED_AUTOS = YES_AGGRESSIVE;
				GCC_WARN_UNUSED_FUNCTION = YES;
				GCC_WARN_UNUSED_VARIABLE = YES;
				MACOSX_DEPLOYMENT_TARGET = 12.3;
				MTL_ENABLE_DEBUG_INFO = INCLUDE_SOURCE;
				MTL_FAST_MATH = YES;
				ONLY_ACTIVE_ARCH = YES;
				SDKROOT = macosx;
				SWIFT_ACTIVE_COMPILATION_CONDITIONS = DEBUG;
				SWIFT_OPTIMIZATION_LEVEL = "-Onone";
			};
			name = Debug;
		};
		9EF1E48F28FB9D110080F375 /* Release */ = {
			isa = XCBuildConfiguration;
			buildSettings = {
				ALWAYS_SEARCH_USER_PATHS = NO;
				CLANG_ANALYZER_NONNULL = YES;
				CLANG_ANALYZER_NUMBER_OBJECT_CONVERSION = YES_AGGRESSIVE;
				CLANG_CXX_LANGUAGE_STANDARD = "gnu++20";
				CLANG_ENABLE_MODULES = YES;
				CLANG_ENABLE_OBJC_ARC = YES;
				CLANG_ENABLE_OBJC_WEAK = YES;
				CLANG_WARN_BLOCK_CAPTURE_AUTORELEASING = YES;
				CLANG_WARN_BOOL_CONVERSION = YES;
				CLANG_WARN_COMMA = YES;
				CLANG_WARN_CONSTANT_CONVERSION = YES;
				CLANG_WARN_DEPRECATED_OBJC_IMPLEMENTATIONS = YES;
				CLANG_WARN_DIRECT_OBJC_ISA_USAGE = YES_ERROR;
				CLANG_WARN_DOCUMENTATION_COMMENTS = YES;
				CLANG_WARN_EMPTY_BODY = YES;
				CLANG_WARN_ENUM_CONVERSION = YES;
				CLANG_WARN_INFINITE_RECURSION = YES;
				CLANG_WARN_INT_CONVERSION = YES;
				CLANG_WARN_NON_LITERAL_NULL_CONVERSION = YES;
				CLANG_WARN_OBJC_IMPLICIT_RETAIN_SELF = YES;
				CLANG_WARN_OBJC_LITERAL_CONVERSION = YES;
				CLANG_WARN_OBJC_ROOT_CLASS = YES_ERROR;
				CLANG_WARN_QUOTED_INCLUDE_IN_FRAMEWORK_HEADER = YES;
				CLANG_WARN_RANGE_LOOP_ANALYSIS = YES;
				CLANG_WARN_STRICT_PROTOTYPES = YES;
				CLANG_WARN_SUSPICIOUS_MOVE = YES;
				CLANG_WARN_UNGUARDED_AVAILABILITY = YES_AGGRESSIVE;
				CLANG_WARN_UNREACHABLE_CODE = YES;
				CLANG_WARN__DUPLICATE_METHOD_MATCH = YES;
				COPY_PHASE_STRIP = NO;
				DEBUG_INFORMATION_FORMAT = "dwarf-with-dsym";
				ENABLE_NS_ASSERTIONS = NO;
				ENABLE_STRICT_OBJC_MSGSEND = YES;
				GCC_C_LANGUAGE_STANDARD = gnu11;
				GCC_NO_COMMON_BLOCKS = YES;
				GCC_WARN_64_TO_32_BIT_CONVERSION = YES;
				GCC_WARN_ABOUT_RETURN_TYPE = YES_ERROR;
				GCC_WARN_UNDECLARED_SELECTOR = YES;
				GCC_WARN_UNINITIALIZED_AUTOS = YES_AGGRESSIVE;
				GCC_WARN_UNUSED_FUNCTION = YES;
				GCC_WARN_UNUSED_VARIABLE = YES;
				MACOSX_DEPLOYMENT_TARGET = 12.3;
				MTL_ENABLE_DEBUG_INFO = NO;
				MTL_FAST_MATH = YES;
				SDKROOT = macosx;
				SWIFT_COMPILATION_MODE = wholemodule;
				SWIFT_OPTIMIZATION_LEVEL = "-O";
			};
			name = Release;
		};
		9EF1E49128FB9D110080F375 /* Debug */ = {
			isa = XCBuildConfiguration;
			buildSettings = {
				ASSETCATALOG_COMPILER_APPICON_NAME = AppIcon;
				ASSETCATALOG_COMPILER_GLOBAL_ACCENT_COLOR_NAME = AccentColor;
				CODE_SIGN_ENTITLEMENTS = dylib_invoke/Resources/dylib_invoke.entitlements;
				CODE_SIGN_STYLE = Automatic;
				COMBINE_HIDPI_IMAGES = YES;
				CURRENT_PROJECT_VERSION = 1;
				DEVELOPMENT_TEAM = 9JTFXT4CWH;
				ENABLE_HARDENED_RUNTIME = YES;
				FRAMEWORK_SEARCH_PATHS = "";
				GENERATE_INFOPLIST_FILE = YES;
				HEADER_SEARCH_PATHS = "$(PROJECT_DIR)/../create_library";
				INFOPLIST_KEY_NSHumanReadableCopyright = "";
				INFOPLIST_KEY_NSMainNibFile = Menu;
				INFOPLIST_KEY_NSPrincipalClass = NSApplication;
				LD_RUNPATH_SEARCH_PATHS = (
					"$(inherited)",
					"@executable_path/../Frameworks",
				);
				LIBRARY_SEARCH_PATHS = "$(PROJECT_DIR)/../create_library/build";
				MACOSX_DEPLOYMENT_TARGET = 10.12;
				MARKETING_VERSION = 0.1.0;
				PRODUCT_BUNDLE_IDENTIFIER = "enchantcode.dylib-invoke";
				PRODUCT_NAME = "dylib invocation example";
				SWIFT_EMIT_LOC_STRINGS = YES;
				SWIFT_OBJC_BRIDGING_HEADER = "$(SRCROOT)/bridge.h";
				SWIFT_VERSION = 5.0;
			};
			name = Debug;
		};
		9EF1E49228FB9D110080F375 /* Release */ = {
			isa = XCBuildConfiguration;
			buildSettings = {
				ASSETCATALOG_COMPILER_APPICON_NAME = AppIcon;
				ASSETCATALOG_COMPILER_GLOBAL_ACCENT_COLOR_NAME = AccentColor;
				CODE_SIGN_ENTITLEMENTS = dylib_invoke/Resources/dylib_invoke.entitlements;
				CODE_SIGN_STYLE = Automatic;
				COMBINE_HIDPI_IMAGES = YES;
				CURRENT_PROJECT_VERSION = 1;
				DEVELOPMENT_TEAM = 9JTFXT4CWH;
				ENABLE_HARDENED_RUNTIME = YES;
				FRAMEWORK_SEARCH_PATHS = "";
				GENERATE_INFOPLIST_FILE = YES;
				HEADER_SEARCH_PATHS = "$(PROJECT_DIR)/../create_library";
				INFOPLIST_KEY_NSHumanReadableCopyright = "";
				INFOPLIST_KEY_NSMainNibFile = Menu;
				INFOPLIST_KEY_NSPrincipalClass = NSApplication;
				LD_RUNPATH_SEARCH_PATHS = (
					"$(inherited)",
					"@executable_path/../Frameworks",
				);
				LIBRARY_SEARCH_PATHS = "$(PROJECT_DIR)/../create_library/build";
				MACOSX_DEPLOYMENT_TARGET = 10.12;
				MARKETING_VERSION = 0.1.0;
				PRODUCT_BUNDLE_IDENTIFIER = "enchantcode.dylib-invoke";
				PRODUCT_NAME = "dylib invocation example";
				SWIFT_EMIT_LOC_STRINGS = YES;
				SWIFT_OBJC_BRIDGING_HEADER = "$(SRCROOT)/bridge.h";
				SWIFT_VERSION = 5.0;
			};
			name = Release;
		};
/* End XCBuildConfiguration section */

/* Begin XCConfigurationList section */
		9EF1E47E28FB9D0E0080F375 /* Build configuration list for PBXProject "dylib_invoke" */ = {
			isa = XCConfigurationList;
			buildConfigurations = (
				9EF1E48E28FB9D110080F375 /* Debug */,
				9EF1E48F28FB9D110080F375 /* Release */,
			);
			defaultConfigurationIsVisible = 0;
			defaultConfigurationName = Release;
		};
		9EF1E49028FB9D110080F375 /* Build configuration list for PBXNativeTarget "dylib_invoke" */ = {
			isa = XCConfigurationList;
			buildConfigurations = (
				9EF1E49128FB9D110080F375 /* Debug */,
				9EF1E49228FB9D110080F375 /* Release */,
			);
			defaultConfigurationIsVisible = 0;
			defaultConfigurationName = Release;
		};
/* End XCConfigurationList section */
	};
	rootObject = 9EF1E47B28FB9D0E0080F375 /* Project object */;
}
